
Microsoft Visual Studio Solution File, Format Version 12.00
# Visual Studio 15
VisualStudioVersion = 15.0.27703.2035
MinimumVisualStudioVersion = 10.0.40219.1
Project("{FAE04EC0-301F-11D3-BF4B-00C04F79EFBC}") = "MiPrimeraConexionConSqlserver", "MiPrimeraConexionConSqlserver\MiPrimeraConexionConSqlserver.csproj", "{21CEE3F6-E1F8-4614-A599-0C5946D3959E}"
EndProject
Project("{2150E333-8FDC-42A3-9474-1A3956D46DE8}") = "Recursos", "Recursos", "{EB689E4D-C12D-48C5-A79F-DE58A582331F}"
	ProjectSection(SolutionItems) = preProject
		estructura.sql = estructura.sql
	EndProjectSection
EndProject
Global
	GlobalSection(SolutionConfigurationPlatforms) = preSolution
		Debug|Any CPU = Debug|Any CPU
		Release|Any CPU = Release|Any CPU
	EndGlobalSection
	GlobalSection(ProjectConfigurationPlatforms) = postSolution
		{21CEE3F6-E1F8-4614-A599-0C5946D3959E}.Debug|Any CPU.ActiveCfg = Debug|Any CPU
		{21CEE3F6-E1F8-4614-A599-0C5946D3959E}.Debug|Any CPU.Build.0 = Debug|Any CPU
		{21CEE3F6-E1F8-4614-A599-0C5946D3959E}.Release|Any CPU.ActiveCfg = Release|Any CPU
		{21CEE3F6-E1F8-4614-A599-0C5946D3959E}.Release|Any CPU.Build.0 = Release|Any CPU
	EndGlobalSection
	GlobalSection(SolutionProperties) = preSolution
		HideSolutionNode = FALSE
	EndGlobalSection
	GlobalSection(ExtensibilityGlobals) = postSolution
		SolutionGuid = {28A00EEE-CB55-4036-B5EE-D6A15C37BB90}
	EndGlobalSection
EndGlobal
